
Microsoft Visual Studio Solution File, Format Version 12.00
# Visual Studio 15
Project("{FAE04EC0-301F-11D3-BF4B-00C04F79EFBC}") = "UGSONGData", "UGSONGData.csproj", "{4236C4C7-3A69-220D-74E7-DBBB430179E0}"
EndProject
Project("{FAE04EC0-301F-11D3-BF4B-00C04F79EFBC}") = "UGSONEditor", "UGSONEditor.csproj", "{6F0A2F57-0CA2-6846-7DCE-B1FB3BA693A6}"
EndProject
Project("{FAE04EC0-301F-11D3-BF4B-00C04F79EFBC}") = "UGSON", "UGSON.csproj", "{43EC9A64-32BD-8E90-D58E-939F666B33DC}"
EndProject
Global
	GlobalSection(SolutionConfigurationPlatforms) = preSolution
		Debug|Any CPU = Debug|Any CPU
		Release|Any CPU = Release|Any CPU
	EndGlobalSection
	GlobalSection(ProjectConfigurationPlatforms) = postSolution
		{4236C4C7-3A69-220D-74E7-DBBB430179E0}.Debug|Any CPU.ActiveCfg = Debug|Any CPU
		{4236C4C7-3A69-220D-74E7-DBBB430179E0}.Debug|Any CPU.Build.0 = Debug|Any CPU
		{4236C4C7-3A69-220D-74E7-DBBB430179E0}.Release|Any CPU.ActiveCfg = Release|Any CPU
		{4236C4C7-3A69-220D-74E7-DBBB430179E0}.Release|Any CPU.Build.0 = Release|Any CPU
		{6F0A2F57-0CA2-6846-7DCE-B1FB3BA693A6}.Debug|Any CPU.ActiveCfg = Debug|Any CPU
		{6F0A2F57-0CA2-6846-7DCE-B1FB3BA693A6}.Debug|Any CPU.Build.0 = Debug|Any CPU
		{6F0A2F57-0CA2-6846-7DCE-B1FB3BA693A6}.Release|Any CPU.ActiveCfg = Release|Any CPU
		{6F0A2F57-0CA2-6846-7DCE-B1FB3BA693A6}.Release|Any CPU.Build.0 = Release|Any CPU
		{43EC9A64-32BD-8E90-D58E-939F666B33DC}.Debug|Any CPU.ActiveCfg = Debug|Any CPU
		{43EC9A64-32BD-8E90-D58E-939F666B33DC}.Debug|Any CPU.Build.0 = Debug|Any CPU
		{43EC9A64-32BD-8E90-D58E-939F666B33DC}.Release|Any CPU.ActiveCfg = Release|Any CPU
		{43EC9A64-32BD-8E90-D58E-939F666B33DC}.Release|Any CPU.Build.0 = Release|Any CPU
	EndGlobalSection
	GlobalSection(SolutionProperties) = preSolution
		HideSolutionNode = FALSE
	EndGlobalSection
EndGlobal
